// !$*UTF8*$!
{
	archiveVersion = 1;
	classes = {
	};
	objectVersion = 50;
	objects = {

/* Begin PBXBuildFile section */
		1C22A16220AB2E8000B072F7 /* SimpleSocket.cpp in Sources */ = {isa = PBXBuildFile; fileRef = 1C22A15C20AB2E8000B072F7 /* SimpleSocket.cpp */; };
		1C22A16320AB2E8000B072F7 /* SimpleSocket.cpp in Sources */ = {isa = PBXBuildFile; fileRef = 1C22A15C20AB2E8000B072F7 /* SimpleSocket.cpp */; };
		1C22A16420AB2E8000B072F7 /* PassiveSocket.cpp in Sources */ = {isa = PBXBuildFile; fileRef = 1C22A15E20AB2E8000B072F7 /* PassiveSocket.cpp */; };
		1C22A16520AB2E8000B072F7 /* PassiveSocket.cpp in Sources */ = {isa = PBXBuildFile; fileRef = 1C22A15E20AB2E8000B072F7 /* PassiveSocket.cpp */; };
		1C22A16620AB2E8000B072F7 /* ActiveSocket.cpp in Sources */ = {isa = PBXBuildFile; fileRef = 1C22A16020AB2E8000B072F7 /* ActiveSocket.cpp */; };
		1C22A16720AB2E8000B072F7 /* ActiveSocket.cpp in Sources */ = {isa = PBXBuildFile; fileRef = 1C22A16020AB2E8000B072F7 /* ActiveSocket.cpp */; };
		1CCAA4D820AF6D16009CEF61 /* PFServerRoom.cpp in Sources */ = {isa = PBXBuildFile; fileRef = 1CCAA4D620AF6D16009CEF61 /* PFServerRoom.cpp */; };
		1CD9011C20ADEA4600B02F27 /* PFSocketClient.cpp in Sources */ = {isa = PBXBuildFile; fileRef = 1CD9011A20ADEA4600B02F27 /* PFSocketClient.cpp */; };
		1CD9011F20AE0E6100B02F27 /* PFServerUtils.cpp in Sources */ = {isa = PBXBuildFile; fileRef = 1CD9011D20AE0E6100B02F27 /* PFServerUtils.cpp */; };
		1CD9012020AE0E6100B02F27 /* PFServerUtils.cpp in Sources */ = {isa = PBXBuildFile; fileRef = 1CD9011D20AE0E6100B02F27 /* PFServerUtils.cpp */; };
		1CE3035E20A86AB200939C50 /* main.cpp in Sources */ = {isa = PBXBuildFile; fileRef = 1CE3035D20A86AB200939C50 /* main.cpp */; };
		1CE3036B20A86C8100939C50 /* main.cpp in Sources */ = {isa = PBXBuildFile; fileRef = 1CE3036A20A86C8100939C50 /* main.cpp */; };
/* End PBXBuildFile section */

/* Begin PBXCopyFilesBuildPhase section */
		1CE3035820A86AB100939C50 /* CopyFiles */ = {
			isa = PBXCopyFilesBuildPhase;
			buildActionMask = 2147483647;
			dstPath = /usr/share/man/man1/;
			dstSubfolderSpec = 0;
			files = (
			);
			runOnlyForDeploymentPostprocessing = 1;
		};
		1CE3036620A86C8100939C50 /* CopyFiles */ = {
			isa = PBXCopyFilesBuildPhase;
			buildActionMask = 2147483647;
			dstPath = /usr/share/man/man1/;
			dstSubfolderSpec = 0;
			files = (
			);
			runOnlyForDeploymentPostprocessing = 1;
		};
/* End PBXCopyFilesBuildPhase section */

/* Begin PBXFileReference section */
		1C22A15A20AB2E8000B072F7 /* StatTimer.h */ = {isa = PBXFileReference; fileEncoding = 4; lastKnownFileType = sourcecode.c.h; path = StatTimer.h; sourceTree = "<group>"; };
		1C22A15B20AB2E8000B072F7 /* ActiveSocket.h */ = {isa = PBXFileReference; fileEncoding = 4; lastKnownFileType = sourcecode.c.h; path = ActiveSocket.h; sourceTree = "<group>"; };
		1C22A15C20AB2E8000B072F7 /* SimpleSocket.cpp */ = {isa = PBXFileReference; fileEncoding = 4; lastKnownFileType = sourcecode.cpp.cpp; path = SimpleSocket.cpp; sourceTree = "<group>"; };
		1C22A15D20AB2E8000B072F7 /* Host.h */ = {isa = PBXFileReference; fileEncoding = 4; lastKnownFileType = sourcecode.c.h; path = Host.h; sourceTree = "<group>"; };
		1C22A15E20AB2E8000B072F7 /* PassiveSocket.cpp */ = {isa = PBXFileReference; fileEncoding = 4; lastKnownFileType = sourcecode.cpp.cpp; path = PassiveSocket.cpp; sourceTree = "<group>"; };
		1C22A15F20AB2E8000B072F7 /* PassiveSocket.h */ = {isa = PBXFileReference; fileEncoding = 4; lastKnownFileType = sourcecode.c.h; path = PassiveSocket.h; sourceTree = "<group>"; };
		1C22A16020AB2E8000B072F7 /* ActiveSocket.cpp */ = {isa = PBXFileReference; fileEncoding = 4; lastKnownFileType = sourcecode.cpp.cpp; path = ActiveSocket.cpp; sourceTree = "<group>"; };
		1C22A16120AB2E8000B072F7 /* SimpleSocket.h */ = {isa = PBXFileReference; fileEncoding = 4; lastKnownFileType = sourcecode.c.h; path = SimpleSocket.h; sourceTree = "<group>"; };
		1CCAA4D620AF6D16009CEF61 /* PFServerRoom.cpp */ = {isa = PBXFileReference; lastKnownFileType = sourcecode.cpp.cpp; path = PFServerRoom.cpp; sourceTree = "<group>"; };
		1CCAA4D720AF6D16009CEF61 /* PFServerRoom.hpp */ = {isa = PBXFileReference; lastKnownFileType = sourcecode.cpp.h; path = PFServerRoom.hpp; sourceTree = "<group>"; };
		1CD9011820ADDC2500B02F27 /* EnumOptionMacro.hpp */ = {isa = PBXFileReference; fileEncoding = 4; lastKnownFileType = sourcecode.cpp.h; name = EnumOptionMacro.hpp; path = ../CORE/EnumOptionMacro.hpp; sourceTree = "<group>"; };
		1CD9011920ADDC5A00B02F27 /* PFServerCommandType.hpp */ = {isa = PBXFileReference; lastKnownFileType = sourcecode.cpp.h; path = PFServerCommandType.hpp; sourceTree = "<group>"; };
		1CD9011A20ADEA4600B02F27 /* PFSocketClient.cpp */ = {isa = PBXFileReference; lastKnownFileType = sourcecode.cpp.cpp; path = PFSocketClient.cpp; sourceTree = "<group>"; };
		1CD9011B20ADEA4600B02F27 /* PFSocketClient.hpp */ = {isa = PBXFileReference; lastKnownFileType = sourcecode.cpp.h; path = PFSocketClient.hpp; sourceTree = "<group>"; };
		1CD9011D20AE0E6100B02F27 /* PFServerUtils.cpp */ = {isa = PBXFileReference; lastKnownFileType = sourcecode.cpp.cpp; path = PFServerUtils.cpp; sourceTree = "<group>"; };
		1CD9011E20AE0E6100B02F27 /* PFServerUtils.hpp */ = {isa = PBXFileReference; lastKnownFileType = sourcecode.cpp.h; path = PFServerUtils.hpp; sourceTree = "<group>"; };
		1CE3035A20A86AB100939C50 /* PFServer */ = {isa = PBXFileReference; explicitFileType = "compiled.mach-o.executable"; includeInIndex = 0; path = PFServer; sourceTree = BUILT_PRODUCTS_DIR; };
		1CE3035D20A86AB200939C50 /* main.cpp */ = {isa = PBXFileReference; lastKnownFileType = sourcecode.cpp.cpp; path = main.cpp; sourceTree = "<group>"; };
		1CE3036820A86C8100939C50 /* PFClient */ = {isa = PBXFileReference; explicitFileType = "compiled.mach-o.executable"; includeInIndex = 0; path = PFClient; sourceTree = BUILT_PRODUCTS_DIR; };
		1CE3036A20A86C8100939C50 /* main.cpp */ = {isa = PBXFileReference; lastKnownFileType = sourcecode.cpp.cpp; path = main.cpp; sourceTree = "<group>"; };
/* End PBXFileReference section */

/* Begin PBXFrameworksBuildPhase section */
		1CE3035720A86AB100939C50 /* Frameworks */ = {
			isa = PBXFrameworksBuildPhase;
			buildActionMask = 2147483647;
			files = (
			);
			runOnlyForDeploymentPostprocessing = 0;
		};
		1CE3036520A86C8100939C50 /* Frameworks */ = {
			isa = PBXFrameworksBuildPhase;
			buildActionMask = 2147483647;
			files = (
			);
			runOnlyForDeploymentPostprocessing = 0;
		};
/* End PBXFrameworksBuildPhase section */

/* Begin PBXGroup section */
		1C22A15920AB2E8000B072F7 /* clsocket */ = {
			isa = PBXGroup;
			children = (
				1C22A16020AB2E8000B072F7 /* ActiveSocket.cpp */,
				1C22A15B20AB2E8000B072F7 /* ActiveSocket.h */,
				1C22A15D20AB2E8000B072F7 /* Host.h */,
				1C22A15E20AB2E8000B072F7 /* PassiveSocket.cpp */,
				1C22A15F20AB2E8000B072F7 /* PassiveSocket.h */,
				1C22A15C20AB2E8000B072F7 /* SimpleSocket.cpp */,
				1C22A16120AB2E8000B072F7 /* SimpleSocket.h */,
				1C22A15A20AB2E8000B072F7 /* StatTimer.h */,
			);
			path = clsocket;
			sourceTree = "<group>";
		};
		1CE3035120A86AB100939C50 = {
			isa = PBXGroup;
			children = (
				1CD9011D20AE0E6100B02F27 /* PFServerUtils.cpp */,
				1CD9011E20AE0E6100B02F27 /* PFServerUtils.hpp */,
				1CD9011920ADDC5A00B02F27 /* PFServerCommandType.hpp */,
				1CD9011820ADDC2500B02F27 /* EnumOptionMacro.hpp */,
				1C22A15920AB2E8000B072F7 /* clsocket */,
				1CE3035C20A86AB100939C50 /* PFServer */,
				1CE3036920A86C8100939C50 /* PFClient */,
				1CE3035B20A86AB100939C50 /* Products */,
			);
			sourceTree = "<group>";
		};
		1CE3035B20A86AB100939C50 /* Products */ = {
			isa = PBXGroup;
			children = (
				1CE3035A20A86AB100939C50 /* PFServer */,
				1CE3036820A86C8100939C50 /* PFClient */,
			);
			name = Products;
			sourceTree = "<group>";
		};
		1CE3035C20A86AB100939C50 /* PFServer */ = {
			isa = PBXGroup;
			children = (
				1CE3035D20A86AB200939C50 /* main.cpp */,
				1CD9011A20ADEA4600B02F27 /* PFSocketClient.cpp */,
				1CD9011B20ADEA4600B02F27 /* PFSocketClient.hpp */,
				1CCAA4D620AF6D16009CEF61 /* PFServerRoom.cpp */,
				1CCAA4D720AF6D16009CEF61 /* PFServerRoom.hpp */,
			);
			path = PFServer;
			sourceTree = "<group>";
		};
		1CE3036920A86C8100939C50 /* PFClient */ = {
			isa = PBXGroup;
			children = (
				1CE3036A20A86C8100939C50 /* main.cpp */,
			);
			path = PFClient;
			sourceTree = "<group>";
		};
/* End PBXGroup section */

/* Begin PBXNativeTarget section */
		1CE3035920A86AB100939C50 /* PFServer */ = {
			isa = PBXNativeTarget;
			buildConfigurationList = 1CE3036120A86AB200939C50 /* Build configuration list for PBXNativeTarget "PFServer" */;
			buildPhases = (
				1CE3035620A86AB100939C50 /* Sources */,
				1CE3035720A86AB100939C50 /* Frameworks */,
				1CE3035820A86AB100939C50 /* CopyFiles */,
			);
			buildRules = (
			);
			dependencies = (
			);
			name = PFServer;
			productName = PFServer;
			productReference = 1CE3035A20A86AB100939C50 /* PFServer */;
			productType = "com.apple.product-type.tool";
		};
		1CE3036720A86C8100939C50 /* PFClient */ = {
			isa = PBXNativeTarget;
			buildConfigurationList = 1CE3036E20A86C8100939C50 /* Build configuration list for PBXNativeTarget "PFClient" */;
			buildPhases = (
				1CE3036420A86C8100939C50 /* Sources */,
				1CE3036520A86C8100939C50 /* Frameworks */,
				1CE3036620A86C8100939C50 /* CopyFiles */,
			);
			buildRules = (
			);
			dependencies = (
			);
			name = PFClient;
			productName = PFClient;
			productReference = 1CE3036820A86C8100939C50 /* PFClient */;
			productType = "com.apple.product-type.tool";
		};
/* End PBXNativeTarget section */

/* Begin PBXProject section */
		1CE3035220A86AB100939C50 /* Project object */ = {
			isa = PBXProject;
			attributes = {
				LastUpgradeCheck = 0930;
				ORGANIZATIONNAME = "Marcin Małysz";
				TargetAttributes = {
					1CE3035920A86AB100939C50 = {
						CreatedOnToolsVersion = 9.3;
					};
					1CE3036720A86C8100939C50 = {
						CreatedOnToolsVersion = 9.3;
					};
				};
			};
			buildConfigurationList = 1CE3035520A86AB100939C50 /* Build configuration list for PBXProject "PFServer" */;
			compatibilityVersion = "Xcode 9.3";
			developmentRegion = en;
			hasScannedForEncodings = 0;
			knownRegions = (
				en,
			);
			mainGroup = 1CE3035120A86AB100939C50;
			productRefGroup = 1CE3035B20A86AB100939C50 /* Products */;
			projectDirPath = "";
			projectRoot = "";
			targets = (
				1CE3035920A86AB100939C50 /* PFServer */,
				1CE3036720A86C8100939C50 /* PFClient */,
			);
		};
/* End PBXProject section */

/* Begin PBXSourcesBuildPhase section */
		1CE3035620A86AB100939C50 /* Sources */ = {
			isa = PBXSourcesBuildPhase;
			buildActionMask = 2147483647;
			files = (
				1C22A16220AB2E8000B072F7 /* SimpleSocket.cpp in Sources */,
				1CCAA4D820AF6D16009CEF61 /* PFServerRoom.cpp in Sources */,
				1C22A16420AB2E8000B072F7 /* PassiveSocket.cpp in Sources */,
				1CD9011F20AE0E6100B02F27 /* PFServerUtils.cpp in Sources */,
				1C22A16620AB2E8000B072F7 /* ActiveSocket.cpp in Sources */,
				1CE3035E20A86AB200939C50 /* main.cpp in Sources */,
				1CD9011C20ADEA4600B02F27 /* PFSocketClient.cpp in Sources */,
			);
			runOnlyForDeploymentPostprocessing = 0;
		};
		1CE3036420A86C8100939C50 /* Sources */ = {
			isa = PBXSourcesBuildPhase;
			buildActionMask = 2147483647;
			files = (
				1C22A16320AB2E8000B072F7 /* SimpleSocket.cpp in Sources */,
				1C22A16520AB2E8000B072F7 /* PassiveSocket.cpp in Sources */,
				1C22A16720AB2E8000B072F7 /* ActiveSocket.cpp in Sources */,
				1CE3036B20A86C8100939C50 /* main.cpp in Sources */,
				1CD9012020AE0E6100B02F27 /* PFServerUtils.cpp in Sources */,
			);
			runOnlyForDeploymentPostprocessing = 0;
		};
/* End PBXSourcesBuildPhase section */

/* Begin XCBuildConfiguration section */
		1CE3035F20A86AB200939C50 /* Debug */ = {
			isa = XCBuildConfiguration;
			buildSettings = {
				ALWAYS_SEARCH_USER_PATHS = NO;
				CLANG_ANALYZER_NONNULL = YES;
				CLANG_ANALYZER_NUMBER_OBJECT_CONVERSION = YES_AGGRESSIVE;
				CLANG_CXX_LANGUAGE_STANDARD = "gnu++14";
				CLANG_CXX_LIBRARY = "libc++";
				CLANG_ENABLE_MODULES = YES;
				CLANG_ENABLE_OBJC_ARC = YES;
				CLANG_ENABLE_OBJC_WEAK = YES;
				CLANG_WARN_BLOCK_CAPTURE_AUTORELEASING = YES;
				CLANG_WARN_BOOL_CONVERSION = YES;
				CLANG_WARN_COMMA = YES;
				CLANG_WARN_CONSTANT_CONVERSION = YES;
				CLANG_WARN_DEPRECATED_OBJC_IMPLEMENTATIONS = YES;
				CLANG_WARN_DIRECT_OBJC_ISA_USAGE = YES_ERROR;
				CLANG_WARN_DOCUMENTATION_COMMENTS = YES;
				CLANG_WARN_EMPTY_BODY = YES;
				CLANG_WARN_ENUM_CONVERSION = YES;
				CLANG_WARN_INFINITE_RECURSION = YES;
				CLANG_WARN_INT_CONVERSION = YES;
				CLANG_WARN_NON_LITERAL_NULL_CONVERSION = YES;
				CLANG_WARN_OBJC_IMPLICIT_RETAIN_SELF = YES;
				CLANG_WARN_OBJC_LITERAL_CONVERSION = YES;
				CLANG_WARN_OBJC_ROOT_CLASS = YES_ERROR;
				CLANG_WARN_RANGE_LOOP_ANALYSIS = YES;
				CLANG_WARN_STRICT_PROTOTYPES = YES;
				CLANG_WARN_SUSPICIOUS_MOVE = YES;
				CLANG_WARN_UNGUARDED_AVAILABILITY = YES_AGGRESSIVE;
				CLANG_WARN_UNREACHABLE_CODE = YES;
				CLANG_WARN__DUPLICATE_METHOD_MATCH = YES;
				CODE_SIGN_IDENTITY = "Mac Developer";
				COPY_PHASE_STRIP = NO;
				DEBUG_INFORMATION_FORMAT = dwarf;
				ENABLE_STRICT_OBJC_MSGSEND = YES;
				ENABLE_TESTABILITY = YES;
				GCC_C_LANGUAGE_STANDARD = gnu11;
				GCC_DYNAMIC_NO_PIC = NO;
				GCC_NO_COMMON_BLOCKS = YES;
				GCC_OPTIMIZATION_LEVEL = 0;
				GCC_PREPROCESSOR_DEFINITIONS = (
					"DEBUG=1",
					"$(inherited)",
				);
				GCC_WARN_64_TO_32_BIT_CONVERSION = YES;
				GCC_WARN_ABOUT_RETURN_TYPE = YES_ERROR;
				GCC_WARN_UNDECLARED_SELECTOR = YES;
				GCC_WARN_UNINITIALIZED_AUTOS = YES_AGGRESSIVE;
				GCC_WARN_UNUSED_FUNCTION = YES;
				GCC_WARN_UNUSED_VARIABLE = YES;
				MACOSX_DEPLOYMENT_TARGET = 10.13;
				MTL_ENABLE_DEBUG_INFO = YES;
				ONLY_ACTIVE_ARCH = YES;
				SDKROOT = macosx;
			};
			name = Debug;
		};
		1CE3036020A86AB200939C50 /* Release */ = {
			isa = XCBuildConfiguration;
			buildSettings = {
				ALWAYS_SEARCH_USER_PATHS = NO;
				CLANG_ANALYZER_NONNULL = YES;
				CLANG_ANALYZER_NUMBER_OBJECT_CONVERSION = YES_AGGRESSIVE;
				CLANG_CXX_LANGUAGE_STANDARD = "gnu++14";
				CLANG_CXX_LIBRARY = "libc++";
				CLANG_ENABLE_MODULES = YES;
				CLANG_ENABLE_OBJC_ARC = YES;
				CLANG_ENABLE_OBJC_WEAK = YES;
				CLANG_WARN_BLOCK_CAPTURE_AUTORELEASING = YES;
				CLANG_WARN_BOOL_CONVERSION = YES;
				CLANG_WARN_COMMA = YES;
				CLANG_WARN_CONSTANT_CONVERSION = YES;
				CLANG_WARN_DEPRECATED_OBJC_IMPLEMENTATIONS = YES;
				CLANG_WARN_DIRECT_OBJC_ISA_USAGE = YES_ERROR;
				CLANG_WARN_DOCUMENTATION_COMMENTS = YES;
				CLANG_WARN_EMPTY_BODY = YES;
				CLANG_WARN_ENUM_CONVERSION = YES;
				CLANG_WARN_INFINITE_RECURSION = YES;
				CLANG_WARN_INT_CONVERSION = YES;
				CLANG_WARN_NON_LITERAL_NULL_CONVERSION = YES;
				CLANG_WARN_OBJC_IMPLICIT_RETAIN_SELF = YES;
				CLANG_WARN_OBJC_LITERAL_CONVERSION = YES;
				CLANG_WARN_OBJC_ROOT_CLASS = YES_ERROR;
				CLANG_WARN_RANGE_LOOP_ANALYSIS = YES;
				CLANG_WARN_STRICT_PROTOTYPES = YES;
				CLANG_WARN_SUSPICIOUS_MOVE = YES;
				CLANG_WARN_UNGUARDED_AVAILABILITY = YES_AGGRESSIVE;
				CLANG_WARN_UNREACHABLE_CODE = YES;
				CLANG_WARN__DUPLICATE_METHOD_MATCH = YES;
				CODE_SIGN_IDENTITY = "Mac Developer";
				COPY_PHASE_STRIP = NO;
				DEBUG_INFORMATION_FORMAT = "dwarf-with-dsym";
				ENABLE_NS_ASSERTIONS = NO;
				ENABLE_STRICT_OBJC_MSGSEND = YES;
				GCC_C_LANGUAGE_STANDARD = gnu11;
				GCC_NO_COMMON_BLOCKS = YES;
				GCC_WARN_64_TO_32_BIT_CONVERSION = YES;
				GCC_WARN_ABOUT_RETURN_TYPE = YES_ERROR;
				GCC_WARN_UNDECLARED_SELECTOR = YES;
				GCC_WARN_UNINITIALIZED_AUTOS = YES_AGGRESSIVE;
				GCC_WARN_UNUSED_FUNCTION = YES;
				GCC_WARN_UNUSED_VARIABLE = YES;
				MACOSX_DEPLOYMENT_TARGET = 10.13;
				MTL_ENABLE_DEBUG_INFO = NO;
				SDKROOT = macosx;
			};
			name = Release;
		};
		1CE3036220A86AB200939C50 /* Debug */ = {
			isa = XCBuildConfiguration;
			buildSettings = {
				CODE_SIGN_STYLE = Automatic;
				DEVELOPMENT_TEAM = 5TSZE6ES9Y;
				PRODUCT_NAME = "$(TARGET_NAME)";
				SYSTEM_HEADER_SEARCH_PATHS = (
					/usr/local/include/,
					/usr/include/,
				);
			};
			name = Debug;
		};
		1CE3036320A86AB200939C50 /* Release */ = {
			isa = XCBuildConfiguration;
			buildSettings = {
				CODE_SIGN_STYLE = Automatic;
				DEVELOPMENT_TEAM = 5TSZE6ES9Y;
				PRODUCT_NAME = "$(TARGET_NAME)";
				SYSTEM_HEADER_SEARCH_PATHS = (
					/usr/local/include/,
					/usr/include/,
				);
			};
			name = Release;
		};
		1CE3036C20A86C8100939C50 /* Debug */ = {
			isa = XCBuildConfiguration;
			buildSettings = {
				CODE_SIGN_STYLE = Automatic;
				DEVELOPMENT_TEAM = 5TSZE6ES9Y;
				PRODUCT_NAME = "$(TARGET_NAME)";
			};
			name = Debug;
		};
		1CE3036D20A86C8100939C50 /* Release */ = {
			isa = XCBuildConfiguration;
			buildSettings = {
				CODE_SIGN_STYLE = Automatic;
				DEVELOPMENT_TEAM = 5TSZE6ES9Y;
				PRODUCT_NAME = "$(TARGET_NAME)";
			};
			name = Release;
		};
/* End XCBuildConfiguration section */

/* Begin XCConfigurationList section */
		1CE3035520A86AB100939C50 /* Build configuration list for PBXProject "PFServer" */ = {
			isa = XCConfigurationList;
			buildConfigurations = (
				1CE3035F20A86AB200939C50 /* Debug */,
				1CE3036020A86AB200939C50 /* Release */,
			);
			defaultConfigurationIsVisible = 0;
			defaultConfigurationName = Release;
		};
		1CE3036120A86AB200939C50 /* Build configuration list for PBXNativeTarget "PFServer" */ = {
			isa = XCConfigurationList;
			buildConfigurations = (
				1CE3036220A86AB200939C50 /* Debug */,
				1CE3036320A86AB200939C50 /* Release */,
			);
			defaultConfigurationIsVisible = 0;
			defaultConfigurationName = Release;
		};
		1CE3036E20A86C8100939C50 /* Build configuration list for PBXNativeTarget "PFClient" */ = {
			isa = XCConfigurationList;
			buildConfigurations = (
				1CE3036C20A86C8100939C50 /* Debug */,
				1CE3036D20A86C8100939C50 /* Release */,
			);
			defaultConfigurationIsVisible = 0;
			defaultConfigurationName = Release;
		};
/* End XCConfigurationList section */
	};
	rootObject = 1CE3035220A86AB100939C50 /* Project object */;
}
