
Microsoft Visual Studio Solution File, Format Version 12.00
# Visual Studio 15
VisualStudioVersion = 15.0.27130.2036
MinimumVisualStudioVersion = 10.0.40219.1
Project("{8BC9CEB8-8B4A-11D0-8D11-00A0C91BC942}") = "pixfight", "pixfight.vcxproj", "{A975F167-6781-43E0-91EA-C42BDF2A06EE}"
EndProject
Global
	GlobalSection(SolutionConfigurationPlatforms) = preSolution
		Debug|x64 = Debug|x64
		Debug|x86 = Debug|x86
		Release|x64 = Release|x64
		Release|x86 = Release|x86
	EndGlobalSection
	GlobalSection(ProjectConfigurationPlatforms) = postSolution
		{A975F167-6781-43E0-91EA-C42BDF2A06EE}.Debug|x64.ActiveCfg = Debug|x64
		{A975F167-6781-43E0-91EA-C42BDF2A06EE}.Debug|x64.Build.0 = Debug|x64
		{A975F167-6781-43E0-91EA-C42BDF2A06EE}.Debug|x86.ActiveCfg = Debug|Win32
		{A975F167-6781-43E0-91EA-C42BDF2A06EE}.Debug|x86.Build.0 = Debug|Win32
		{A975F167-6781-43E0-91EA-C42BDF2A06EE}.Release|x64.ActiveCfg = Release|x64
		{A975F167-6781-43E0-91EA-C42BDF2A06EE}.Release|x64.Build.0 = Release|x64
		{A975F167-6781-43E0-91EA-C42BDF2A06EE}.Release|x86.ActiveCfg = Release|Win32
		{A975F167-6781-43E0-91EA-C42BDF2A06EE}.Release|x86.Build.0 = Release|Win32
	EndGlobalSection
	GlobalSection(SolutionProperties) = preSolution
		HideSolutionNode = FALSE
	EndGlobalSection
	GlobalSection(ExtensibilityGlobals) = postSolution
		SolutionGuid = {A90E82E8-18E9-4602-A90F-4DD3BC038DD3}
	EndGlobalSection
EndGlobal
